
Microsoft Visual Studio Solution File, Format Version 12.00
Project("{FAE04EC0-301F-11D3-BF4B-00C04F79EFBC}") = "EnglishBot", "EnglishBot\EnglishBot.csproj", "{C3368F31-1CED-4735-9ED6-CDEEB7BD9614}"
EndProject
Global
	GlobalSection(SolutionConfigurationPlatforms) = preSolution
		Debug|Any CPU = Debug|Any CPU
		Release|Any CPU = Release|Any CPU
	EndGlobalSection
	GlobalSection(ProjectConfigurationPlatforms) = postSolution
		{C3368F31-1CED-4735-9ED6-CDEEB7BD9614}.Debug|Any CPU.ActiveCfg = Debug|Any CPU
		{C3368F31-1CED-4735-9ED6-CDEEB7BD9614}.Debug|Any CPU.Build.0 = Debug|Any CPU
		{C3368F31-1CED-4735-9ED6-CDEEB7BD9614}.Release|Any CPU.ActiveCfg = Release|Any CPU
		{C3368F31-1CED-4735-9ED6-CDEEB7BD9614}.Release|Any CPU.Build.0 = Release|Any CPU
	EndGlobalSection
EndGlobal
